
Microsoft Visual Studio Solution File, Format Version 12.00
# Visual Studio 15
VisualStudioVersion = 15.0.28307.136
MinimumVisualStudioVersion = 10.0.40219.1
Project("{FAE04EC0-301F-11D3-BF4B-00C04F79EFBC}") = "NEO_Metadata_Check", "NEO_Metadata_Check\NEO_Metadata_Check.csproj", "{229F67C3-EB2F-4FAA-B991-9D48DEBCE50C}"
EndProject
Project("{FAE04EC0-301F-11D3-BF4B-00C04F79EFBC}") = "NEL_Mongo_Helper", "NEL_Mongo_Helper\NEL_Mongo_Helper.csproj", "{7816EDDC-38DB-4595-A914-1D2BDB4FB599}"
EndProject
Global
	GlobalSection(SolutionConfigurationPlatforms) = preSolution
		Debug|Any CPU = Debug|Any CPU
		Release|Any CPU = Release|Any CPU
	EndGlobalSection
	GlobalSection(ProjectConfigurationPlatforms) = postSolution
		{229F67C3-EB2F-4FAA-B991-9D48DEBCE50C}.Debug|Any CPU.ActiveCfg = Debug|Any CPU
		{229F67C3-EB2F-4FAA-B991-9D48DEBCE50C}.Debug|Any CPU.Build.0 = Debug|Any CPU
		{229F67C3-EB2F-4FAA-B991-9D48DEBCE50C}.Release|Any CPU.ActiveCfg = Release|Any CPU
		{229F67C3-EB2F-4FAA-B991-9D48DEBCE50C}.Release|Any CPU.Build.0 = Release|Any CPU
		{7816EDDC-38DB-4595-A914-1D2BDB4FB599}.Debug|Any CPU.ActiveCfg = Debug|Any CPU
		{7816EDDC-38DB-4595-A914-1D2BDB4FB599}.Debug|Any CPU.Build.0 = Debug|Any CPU
		{7816EDDC-38DB-4595-A914-1D2BDB4FB599}.Release|Any CPU.ActiveCfg = Release|Any CPU
		{7816EDDC-38DB-4595-A914-1D2BDB4FB599}.Release|Any CPU.Build.0 = Release|Any CPU
	EndGlobalSection
	GlobalSection(SolutionProperties) = preSolution
		HideSolutionNode = FALSE
	EndGlobalSection
	GlobalSection(ExtensibilityGlobals) = postSolution
		SolutionGuid = {414ADFA8-6578-4293-83AB-51636FD7E29C}
	EndGlobalSection
EndGlobal
